
Microsoft Visual Studio Solution File, Format Version 12.00
# Visual Studio 15
VisualStudioVersion = 15.0.27130.2036
MinimumVisualStudioVersion = 10.0.40219.1
Project("{FAE04EC0-301F-11D3-BF4B-00C04F79EFBC}") = "Products1.Android", "App1\App1.Android\Products1.Android.csproj", "{A479FC51-1906-4777-AF6C-6F47FA601D5E}"
EndProject
Project("{FAE04EC0-301F-11D3-BF4B-00C04F79EFBC}") = "Products1.iOS", "App1\App1.iOS\Products1.iOS.csproj", "{464977AC-5DAC-49CC-B0BB-B18F4536E6F5}"
EndProject
Project("{FAE04EC0-301F-11D3-BF4B-00C04F79EFBC}") = "Products1.UWP", "App1\App1.UWP\Products1.UWP.csproj", "{1D9BA3FF-10F5-4F6A-8407-41494FD751ED}"
EndProject
Project("{9A19103F-16F7-4668-BE54-9A1E7A4F7556}") = "Products1", "App1\App1\Products1.csproj", "{9E0B840F-DC1E-4AAF-B901-D00A2BA8134B}"
EndProject
Project("{FAE04EC0-301F-11D3-BF4B-00C04F79EFBC}") = "Products1.Domain", "Products1.Domain\Products1.Domain.csproj", "{A7EE586C-10AE-47B8-BD21-82F4C74205C5}"
EndProject
Project("{FAE04EC0-301F-11D3-BF4B-00C04F79EFBC}") = "Products1.BacKend", "Products.BacKend\Products1.BacKend.csproj", "{F78885E1-2264-403A-97BD-A87ED617677C}"
EndProject
Project("{FAE04EC0-301F-11D3-BF4B-00C04F79EFBC}") = "Products1.API", "Products1.API\Products1.API.csproj", "{DE8E865E-0A2F-4B31-8F6E-4803006EC43A}"
EndProject
Global
	GlobalSection(SolutionConfigurationPlatforms) = preSolution
		Ad-Hoc|Any CPU = Ad-Hoc|Any CPU
		Ad-Hoc|ARM = Ad-Hoc|ARM
		Ad-Hoc|iPhone = Ad-Hoc|iPhone
		Ad-Hoc|iPhoneSimulator = Ad-Hoc|iPhoneSimulator
		Ad-Hoc|x64 = Ad-Hoc|x64
		Ad-Hoc|x86 = Ad-Hoc|x86
		AppStore|Any CPU = AppStore|Any CPU
		AppStore|ARM = AppStore|ARM
		AppStore|iPhone = AppStore|iPhone
		AppStore|iPhoneSimulator = AppStore|iPhoneSimulator
		AppStore|x64 = AppStore|x64
		AppStore|x86 = AppStore|x86
		Debug|Any CPU = Debug|Any CPU
		Debug|ARM = Debug|ARM
		Debug|iPhone = Debug|iPhone
		Debug|iPhoneSimulator = Debug|iPhoneSimulator
		Debug|x64 = Debug|x64
		Debug|x86 = Debug|x86
		Release|Any CPU = Release|Any CPU
		Release|ARM = Release|ARM
		Release|iPhone = Release|iPhone
		Release|iPhoneSimulator = Release|iPhoneSimulator
		Release|x64 = Release|x64
		Release|x86 = Release|x86
	EndGlobalSection
	GlobalSection(ProjectConfigurationPlatforms) = postSolution
		{A479FC51-1906-4777-AF6C-6F47FA601D5E}.Ad-Hoc|Any CPU.ActiveCfg = Release|Any CPU
		{A479FC51-1906-4777-AF6C-6F47FA601D5E}.Ad-Hoc|Any CPU.Build.0 = Release|Any CPU
		{A479FC51-1906-4777-AF6C-6F47FA601D5E}.Ad-Hoc|Any CPU.Deploy.0 = Release|Any CPU
		{A479FC51-1906-4777-AF6C-6F47FA601D5E}.Ad-Hoc|ARM.ActiveCfg = Release|Any CPU
		{A479FC51-1906-4777-AF6C-6F47FA601D5E}.Ad-Hoc|ARM.Build.0 = Release|Any CPU
		{A479FC51-1906-4777-AF6C-6F47FA601D5E}.Ad-Hoc|ARM.Deploy.0 = Release|Any CPU
		{A479FC51-1906-4777-AF6C-6F47FA601D5E}.Ad-Hoc|iPhone.ActiveCfg = Release|Any CPU
		{A479FC51-1906-4777-AF6C-6F47FA601D5E}.Ad-Hoc|iPhone.Build.0 = Release|Any CPU
		{A479FC51-1906-4777-AF6C-6F47FA601D5E}.Ad-Hoc|iPhone.Deploy.0 = Release|Any CPU
		{A479FC51-1906-4777-AF6C-6F47FA601D5E}.Ad-Hoc|iPhoneSimulator.ActiveCfg = Release|Any CPU
		{A479FC51-1906-4777-AF6C-6F47FA601D5E}.Ad-Hoc|iPhoneSimulator.Build.0 = Release|Any CPU
		{A479FC51-1906-4777-AF6C-6F47FA601D5E}.Ad-Hoc|iPhoneSimulator.Deploy.0 = Release|Any CPU
		{A479FC51-1906-4777-AF6C-6F47FA601D5E}.Ad-Hoc|x64.ActiveCfg = Release|Any CPU
		{A479FC51-1906-4777-AF6C-6F47FA601D5E}.Ad-Hoc|x64.Build.0 = Release|Any CPU
		{A479FC51-1906-4777-AF6C-6F47FA601D5E}.Ad-Hoc|x64.Deploy.0 = Release|Any CPU
		{A479FC51-1906-4777-AF6C-6F47FA601D5E}.Ad-Hoc|x86.ActiveCfg = Release|Any CPU
		{A479FC51-1906-4777-AF6C-6F47FA601D5E}.Ad-Hoc|x86.Build.0 = Release|Any CPU
		{A479FC51-1906-4777-AF6C-6F47FA601D5E}.Ad-Hoc|x86.Deploy.0 = Release|Any CPU
		{A479FC51-1906-4777-AF6C-6F47FA601D5E}.AppStore|Any CPU.ActiveCfg = Release|Any CPU
		{A479FC51-1906-4777-AF6C-6F47FA601D5E}.AppStore|Any CPU.Build.0 = Release|Any CPU
		{A479FC51-1906-4777-AF6C-6F47FA601D5E}.AppStore|Any CPU.Deploy.0 = Release|Any CPU
		{A479FC51-1906-4777-AF6C-6F47FA601D5E}.AppStore|ARM.ActiveCfg = Release|Any CPU
		{A479FC51-1906-4777-AF6C-6F47FA601D5E}.AppStore|ARM.Build.0 = Release|Any CPU
		{A479FC51-1906-4777-AF6C-6F47FA601D5E}.AppStore|ARM.Deploy.0 = Release|Any CPU
		{A479FC51-1906-4777-AF6C-6F47FA601D5E}.AppStore|iPhone.ActiveCfg = Release|Any CPU
		{A479FC51-1906-4777-AF6C-6F47FA601D5E}.AppStore|iPhone.Build.0 = Release|Any CPU
		{A479FC51-1906-4777-AF6C-6F47FA601D5E}.AppStore|iPhone.Deploy.0 = Release|Any CPU
		{A479FC51-1906-4777-AF6C-6F47FA601D5E}.AppStore|iPhoneSimulator.ActiveCfg = Release|Any CPU
		{A479FC51-1906-4777-AF6C-6F47FA601D5E}.AppStore|iPhoneSimulator.Build.0 = Release|Any CPU
		{A479FC51-1906-4777-AF6C-6F47FA601D5E}.AppStore|iPhoneSimulator.Deploy.0 = Release|Any CPU
		{A479FC51-1906-4777-AF6C-6F47FA601D5E}.AppStore|x64.ActiveCfg = Release|Any CPU
		{A479FC51-1906-4777-AF6C-6F47FA601D5E}.AppStore|x64.Build.0 = Release|Any CPU
		{A479FC51-1906-4777-AF6C-6F47FA601D5E}.AppStore|x64.Deploy.0 = Release|Any CPU
		{A479FC51-1906-4777-AF6C-6F47FA601D5E}.AppStore|x86.ActiveCfg = Release|Any CPU
		{A479FC51-1906-4777-AF6C-6F47FA601D5E}.AppStore|x86.Build.0 = Release|Any CPU
		{A479FC51-1906-4777-AF6C-6F47FA601D5E}.AppStore|x86.Deploy.0 = Release|Any CPU
		{A479FC51-1906-4777-AF6C-6F47FA601D5E}.Debug|Any CPU.ActiveCfg = Debug|Any CPU
		{A479FC51-1906-4777-AF6C-6F47FA601D5E}.Debug|Any CPU.Build.0 = Debug|Any CPU
		{A479FC51-1906-4777-AF6C-6F47FA601D5E}.Debug|Any CPU.Deploy.0 = Debug|Any CPU
		{A479FC51-1906-4777-AF6C-6F47FA601D5E}.Debug|ARM.ActiveCfg = Debug|Any CPU
		{A479FC51-1906-4777-AF6C-6F47FA601D5E}.Debug|ARM.Build.0 = Debug|Any CPU
		{A479FC51-1906-4777-AF6C-6F47FA601D5E}.Debug|ARM.Deploy.0 = Debug|Any CPU
		{A479FC51-1906-4777-AF6C-6F47FA601D5E}.Debug|iPhone.ActiveCfg = Debug|Any CPU
		{A479FC51-1906-4777-AF6C-6F47FA601D5E}.Debug|iPhone.Build.0 = Debug|Any CPU
		{A479FC51-1906-4777-AF6C-6F47FA601D5E}.Debug|iPhone.Deploy.0 = Debug|Any CPU
		{A479FC51-1906-4777-AF6C-6F47FA601D5E}.Debug|iPhoneSimulator.ActiveCfg = Debug|Any CPU
		{A479FC51-1906-4777-AF6C-6F47FA601D5E}.Debug|iPhoneSimulator.Build.0 = Debug|Any CPU
		{A479FC51-1906-4777-AF6C-6F47FA601D5E}.Debug|iPhoneSimulator.Deploy.0 = Debug|Any CPU
		{A479FC51-1906-4777-AF6C-6F47FA601D5E}.Debug|x64.ActiveCfg = Debug|Any CPU
		{A479FC51-1906-4777-AF6C-6F47FA601D5E}.Debug|x64.Build.0 = Debug|Any CPU
		{A479FC51-1906-4777-AF6C-6F47FA601D5E}.Debug|x64.Deploy.0 = Debug|Any CPU
		{A479FC51-1906-4777-AF6C-6F47FA601D5E}.Debug|x86.ActiveCfg = Debug|Any CPU
		{A479FC51-1906-4777-AF6C-6F47FA601D5E}.Debug|x86.Build.0 = Debug|Any CPU
		{A479FC51-1906-4777-AF6C-6F47FA601D5E}.Debug|x86.Deploy.0 = Debug|Any CPU
		{A479FC51-1906-4777-AF6C-6F47FA601D5E}.Release|Any CPU.ActiveCfg = Release|Any CPU
		{A479FC51-1906-4777-AF6C-6F47FA601D5E}.Release|Any CPU.Build.0 = Release|Any CPU
		{A479FC51-1906-4777-AF6C-6F47FA601D5E}.Release|Any CPU.Deploy.0 = Release|Any CPU
		{A479FC51-1906-4777-AF6C-6F47FA601D5E}.Release|ARM.ActiveCfg = Release|Any CPU
		{A479FC51-1906-4777-AF6C-6F47FA601D5E}.Release|ARM.Build.0 = Release|Any CPU
		{A479FC51-1906-4777-AF6C-6F47FA601D5E}.Release|ARM.Deploy.0 = Release|Any CPU
		{A479FC51-1906-4777-AF6C-6F47FA601D5E}.Release|iPhone.ActiveCfg = Release|Any CPU
		{A479FC51-1906-4777-AF6C-6F47FA601D5E}.Release|iPhone.Build.0 = Release|Any CPU
		{A479FC51-1906-4777-AF6C-6F47FA601D5E}.Release|iPhone.Deploy.0 = Release|Any CPU
		{A479FC51-1906-4777-AF6C-6F47FA601D5E}.Release|iPhoneSimulator.ActiveCfg = Release|Any CPU
		{A479FC51-1906-4777-AF6C-6F47FA601D5E}.Release|iPhoneSimulator.Build.0 = Release|Any CPU
		{A479FC51-1906-4777-AF6C-6F47FA601D5E}.Release|iPhoneSimulator.Deploy.0 = Release|Any CPU
		{A479FC51-1906-4777-AF6C-6F47FA601D5E}.Release|x64.ActiveCfg = Release|Any CPU
		{A479FC51-1906-4777-AF6C-6F47FA601D5E}.Release|x64.Build.0 = Release|Any CPU
		{A479FC51-1906-4777-AF6C-6F47FA601D5E}.Release|x64.Deploy.0 = Release|Any CPU
		{A479FC51-1906-4777-AF6C-6F47FA601D5E}.Release|x86.ActiveCfg = Release|Any CPU
		{A479FC51-1906-4777-AF6C-6F47FA601D5E}.Release|x86.Build.0 = Release|Any CPU
		{A479FC51-1906-4777-AF6C-6F47FA601D5E}.Release|x86.Deploy.0 = Release|Any CPU
		{464977AC-5DAC-49CC-B0BB-B18F4536E6F5}.Ad-Hoc|Any CPU.ActiveCfg = Ad-Hoc|iPhone
		{464977AC-5DAC-49CC-B0BB-B18F4536E6F5}.Ad-Hoc|ARM.ActiveCfg = Ad-Hoc|iPhone
		{464977AC-5DAC-49CC-B0BB-B18F4536E6F5}.Ad-Hoc|iPhone.ActiveCfg = Ad-Hoc|iPhone
		{464977AC-5DAC-49CC-B0BB-B18F4536E6F5}.Ad-Hoc|iPhone.Build.0 = Ad-Hoc|iPhone
		{464977AC-5DAC-49CC-B0BB-B18F4536E6F5}.Ad-Hoc|iPhoneSimulator.ActiveCfg = Ad-Hoc|iPhoneSimulator
		{464977AC-5DAC-49CC-B0BB-B18F4536E6F5}.Ad-Hoc|iPhoneSimulator.Build.0 = Ad-Hoc|iPhoneSimulator
		{464977AC-5DAC-49CC-B0BB-B18F4536E6F5}.Ad-Hoc|x64.ActiveCfg = Ad-Hoc|iPhone
		{464977AC-5DAC-49CC-B0BB-B18F4536E6F5}.Ad-Hoc|x86.ActiveCfg = Ad-Hoc|iPhone
		{464977AC-5DAC-49CC-B0BB-B18F4536E6F5}.AppStore|Any CPU.ActiveCfg = AppStore|iPhone
		{464977AC-5DAC-49CC-B0BB-B18F4536E6F5}.AppStore|ARM.ActiveCfg = AppStore|iPhone
		{464977AC-5DAC-49CC-B0BB-B18F4536E6F5}.AppStore|iPhone.ActiveCfg = AppStore|iPhone
		{464977AC-5DAC-49CC-B0BB-B18F4536E6F5}.AppStore|iPhone.Build.0 = AppStore|iPhone
		{464977AC-5DAC-49CC-B0BB-B18F4536E6F5}.AppStore|iPhoneSimulator.ActiveCfg = AppStore|iPhoneSimulator
		{464977AC-5DAC-49CC-B0BB-B18F4536E6F5}.AppStore|iPhoneSimulator.Build.0 = AppStore|iPhoneSimulator
		{464977AC-5DAC-49CC-B0BB-B18F4536E6F5}.AppStore|x64.ActiveCfg = AppStore|iPhone
		{464977AC-5DAC-49CC-B0BB-B18F4536E6F5}.AppStore|x86.ActiveCfg = AppStore|iPhone
		{464977AC-5DAC-49CC-B0BB-B18F4536E6F5}.Debug|Any CPU.ActiveCfg = Debug|iPhone
		{464977AC-5DAC-49CC-B0BB-B18F4536E6F5}.Debug|ARM.ActiveCfg = Debug|iPhone
		{464977AC-5DAC-49CC-B0BB-B18F4536E6F5}.Debug|iPhone.ActiveCfg = Debug|iPhone
		{464977AC-5DAC-49CC-B0BB-B18F4536E6F5}.Debug|iPhone.Build.0 = Debug|iPhone
		{464977AC-5DAC-49CC-B0BB-B18F4536E6F5}.Debug|iPhoneSimulator.ActiveCfg = Debug|iPhoneSimulator
		{464977AC-5DAC-49CC-B0BB-B18F4536E6F5}.Debug|iPhoneSimulator.Build.0 = Debug|iPhoneSimulator
		{464977AC-5DAC-49CC-B0BB-B18F4536E6F5}.Debug|x64.ActiveCfg = Debug|iPhone
		{464977AC-5DAC-49CC-B0BB-B18F4536E6F5}.Debug|x86.ActiveCfg = Debug|iPhone
		{464977AC-5DAC-49CC-B0BB-B18F4536E6F5}.Release|Any CPU.ActiveCfg = Release|iPhone
		{464977AC-5DAC-49CC-B0BB-B18F4536E6F5}.Release|ARM.ActiveCfg = Release|iPhone
		{464977AC-5DAC-49CC-B0BB-B18F4536E6F5}.Release|iPhone.ActiveCfg = Release|iPhone
		{464977AC-5DAC-49CC-B0BB-B18F4536E6F5}.Release|iPhone.Build.0 = Release|iPhone
		{464977AC-5DAC-49CC-B0BB-B18F4536E6F5}.Release|iPhoneSimulator.ActiveCfg = Release|iPhoneSimulator
		{464977AC-5DAC-49CC-B0BB-B18F4536E6F5}.Release|iPhoneSimulator.Build.0 = Release|iPhoneSimulator
		{464977AC-5DAC-49CC-B0BB-B18F4536E6F5}.Release|x64.ActiveCfg = Release|iPhone
		{464977AC-5DAC-49CC-B0BB-B18F4536E6F5}.Release|x86.ActiveCfg = Release|iPhone
		{1D9BA3FF-10F5-4F6A-8407-41494FD751ED}.Ad-Hoc|Any CPU.ActiveCfg = Release|x86
		{1D9BA3FF-10F5-4F6A-8407-41494FD751ED}.Ad-Hoc|Any CPU.Build.0 = Release|x86
		{1D9BA3FF-10F5-4F6A-8407-41494FD751ED}.Ad-Hoc|Any CPU.Deploy.0 = Release|x86
		{1D9BA3FF-10F5-4F6A-8407-41494FD751ED}.Ad-Hoc|ARM.ActiveCfg = Release|ARM
		{1D9BA3FF-10F5-4F6A-8407-41494FD751ED}.Ad-Hoc|ARM.Build.0 = Release|ARM
		{1D9BA3FF-10F5-4F6A-8407-41494FD751ED}.Ad-Hoc|ARM.Deploy.0 = Release|ARM
		{1D9BA3FF-10F5-4F6A-8407-41494FD751ED}.Ad-Hoc|iPhone.ActiveCfg = Release|x86
		{1D9BA3FF-10F5-4F6A-8407-41494FD751ED}.Ad-Hoc|iPhone.Build.0 = Release|x86
		{1D9BA3FF-10F5-4F6A-8407-41494FD751ED}.Ad-Hoc|iPhone.Deploy.0 = Release|x86
		{1D9BA3FF-10F5-4F6A-8407-41494FD751ED}.Ad-Hoc|iPhoneSimulator.ActiveCfg = Release|x86
		{1D9BA3FF-10F5-4F6A-8407-41494FD751ED}.Ad-Hoc|iPhoneSimulator.Build.0 = Release|x86
		{1D9BA3FF-10F5-4F6A-8407-41494FD751ED}.Ad-Hoc|iPhoneSimulator.Deploy.0 = Release|x86
		{1D9BA3FF-10F5-4F6A-8407-41494FD751ED}.Ad-Hoc|x64.ActiveCfg = Release|x64
		{1D9BA3FF-10F5-4F6A-8407-41494FD751ED}.Ad-Hoc|x64.Build.0 = Release|x64
		{1D9BA3FF-10F5-4F6A-8407-41494FD751ED}.Ad-Hoc|x64.Deploy.0 = Release|x64
		{1D9BA3FF-10F5-4F6A-8407-41494FD751ED}.Ad-Hoc|x86.ActiveCfg = Release|x86
		{1D9BA3FF-10F5-4F6A-8407-41494FD751ED}.Ad-Hoc|x86.Build.0 = Release|x86
		{1D9BA3FF-10F5-4F6A-8407-41494FD751ED}.Ad-Hoc|x86.Deploy.0 = Release|x86
		{1D9BA3FF-10F5-4F6A-8407-41494FD751ED}.AppStore|Any CPU.ActiveCfg = Release|x86
		{1D9BA3FF-10F5-4F6A-8407-41494FD751ED}.AppStore|Any CPU.Build.0 = Release|x86
		{1D9BA3FF-10F5-4F6A-8407-41494FD751ED}.AppStore|Any CPU.Deploy.0 = Release|x86
		{1D9BA3FF-10F5-4F6A-8407-41494FD751ED}.AppStore|ARM.ActiveCfg = Release|ARM
		{1D9BA3FF-10F5-4F6A-8407-41494FD751ED}.AppStore|ARM.Build.0 = Release|ARM
		{1D9BA3FF-10F5-4F6A-8407-41494FD751ED}.AppStore|ARM.Deploy.0 = Release|ARM
		{1D9BA3FF-10F5-4F6A-8407-41494FD751ED}.AppStore|iPhone.ActiveCfg = Release|x86
		{1D9BA3FF-10F5-4F6A-8407-41494FD751ED}.AppStore|iPhone.Build.0 = Release|x86
		{1D9BA3FF-10F5-4F6A-8407-41494FD751ED}.AppStore|iPhone.Deploy.0 = Release|x86
		{1D9BA3FF-10F5-4F6A-8407-41494FD751ED}.AppStore|iPhoneSimulator.ActiveCfg = Release|x86
		{1D9BA3FF-10F5-4F6A-8407-41494FD751ED}.AppStore|iPhoneSimulator.Build.0 = Release|x86
		{1D9BA3FF-10F5-4F6A-8407-41494FD751ED}.AppStore|iPhoneSimulator.Deploy.0 = Release|x86
		{1D9BA3FF-10F5-4F6A-8407-41494FD751ED}.AppStore|x64.ActiveCfg = Release|x64
		{1D9BA3FF-10F5-4F6A-8407-41494FD751ED}.AppStore|x64.Build.0 = Release|x64
		{1D9BA3FF-10F5-4F6A-8407-41494FD751ED}.AppStore|x64.Deploy.0 = Release|x64
		{1D9BA3FF-10F5-4F6A-8407-41494FD751ED}.AppStore|x86.ActiveCfg = Release|x86
		{1D9BA3FF-10F5-4F6A-8407-41494FD751ED}.AppStore|x86.Build.0 = Release|x86
		{1D9BA3FF-10F5-4F6A-8407-41494FD751ED}.AppStore|x86.Deploy.0 = Release|x86
		{1D9BA3FF-10F5-4F6A-8407-41494FD751ED}.Debug|Any CPU.ActiveCfg = Debug|x86
		{1D9BA3FF-10F5-4F6A-8407-41494FD751ED}.Debug|ARM.ActiveCfg = Debug|ARM
		{1D9BA3FF-10F5-4F6A-8407-41494FD751ED}.Debug|ARM.Build.0 = Debug|ARM
		{1D9BA3FF-10F5-4F6A-8407-41494FD751ED}.Debug|ARM.Deploy.0 = Debug|ARM
		{1D9BA3FF-10F5-4F6A-8407-41494FD751ED}.Debug|iPhone.ActiveCfg = Debug|x86
		{1D9BA3FF-10F5-4F6A-8407-41494FD751ED}.Debug|iPhoneSimulator.ActiveCfg = Debug|x86
		{1D9BA3FF-10F5-4F6A-8407-41494FD751ED}.Debug|x64.ActiveCfg = Debug|x64
		{1D9BA3FF-10F5-4F6A-8407-41494FD751ED}.Debug|x64.Build.0 = Debug|x64
		{1D9BA3FF-10F5-4F6A-8407-41494FD751ED}.Debug|x64.Deploy.0 = Debug|x64
		{1D9BA3FF-10F5-4F6A-8407-41494FD751ED}.Debug|x86.ActiveCfg = Debug|x86
		{1D9BA3FF-10F5-4F6A-8407-41494FD751ED}.Debug|x86.Build.0 = Debug|x86
		{1D9BA3FF-10F5-4F6A-8407-41494FD751ED}.Debug|x86.Deploy.0 = Debug|x86
		{1D9BA3FF-10F5-4F6A-8407-41494FD751ED}.Release|Any CPU.ActiveCfg = Release|x86
		{1D9BA3FF-10F5-4F6A-8407-41494FD751ED}.Release|ARM.ActiveCfg = Release|ARM
		{1D9BA3FF-10F5-4F6A-8407-41494FD751ED}.Release|ARM.Build.0 = Release|ARM
		{1D9BA3FF-10F5-4F6A-8407-41494FD751ED}.Release|ARM.Deploy.0 = Release|ARM
		{1D9BA3FF-10F5-4F6A-8407-41494FD751ED}.Release|iPhone.ActiveCfg = Release|x86
		{1D9BA3FF-10F5-4F6A-8407-41494FD751ED}.Release|iPhoneSimulator.ActiveCfg = Release|x86
		{1D9BA3FF-10F5-4F6A-8407-41494FD751ED}.Release|x64.ActiveCfg = Release|x64
		{1D9BA3FF-10F5-4F6A-8407-41494FD751ED}.Release|x64.Build.0 = Release|x64
		{1D9BA3FF-10F5-4F6A-8407-41494FD751ED}.Release|x64.Deploy.0 = Release|x64
		{1D9BA3FF-10F5-4F6A-8407-41494FD751ED}.Release|x86.ActiveCfg = Release|x86
		{1D9BA3FF-10F5-4F6A-8407-41494FD751ED}.Release|x86.Build.0 = Release|x86
		{1D9BA3FF-10F5-4F6A-8407-41494FD751ED}.Release|x86.Deploy.0 = Release|x86
		{9E0B840F-DC1E-4AAF-B901-D00A2BA8134B}.Ad-Hoc|Any CPU.ActiveCfg = Debug|Any CPU
		{9E0B840F-DC1E-4AAF-B901-D00A2BA8134B}.Ad-Hoc|Any CPU.Build.0 = Debug|Any CPU
		{9E0B840F-DC1E-4AAF-B901-D00A2BA8134B}.Ad-Hoc|ARM.ActiveCfg = Debug|Any CPU
		{9E0B840F-DC1E-4AAF-B901-D00A2BA8134B}.Ad-Hoc|ARM.Build.0 = Debug|Any CPU
		{9E0B840F-DC1E-4AAF-B901-D00A2BA8134B}.Ad-Hoc|iPhone.ActiveCfg = Debug|Any CPU
		{9E0B840F-DC1E-4AAF-B901-D00A2BA8134B}.Ad-Hoc|iPhone.Build.0 = Debug|Any CPU
		{9E0B840F-DC1E-4AAF-B901-D00A2BA8134B}.Ad-Hoc|iPhoneSimulator.ActiveCfg = Debug|Any CPU
		{9E0B840F-DC1E-4AAF-B901-D00A2BA8134B}.Ad-Hoc|iPhoneSimulator.Build.0 = Debug|Any CPU
		{9E0B840F-DC1E-4AAF-B901-D00A2BA8134B}.Ad-Hoc|x64.ActiveCfg = Debug|Any CPU
		{9E0B840F-DC1E-4AAF-B901-D00A2BA8134B}.Ad-Hoc|x64.Build.0 = Debug|Any CPU
		{9E0B840F-DC1E-4AAF-B901-D00A2BA8134B}.Ad-Hoc|x86.ActiveCfg = Debug|Any CPU
		{9E0B840F-DC1E-4AAF-B901-D00A2BA8134B}.Ad-Hoc|x86.Build.0 = Debug|Any CPU
		{9E0B840F-DC1E-4AAF-B901-D00A2BA8134B}.AppStore|Any CPU.ActiveCfg = Debug|Any CPU
		{9E0B840F-DC1E-4AAF-B901-D00A2BA8134B}.AppStore|Any CPU.Build.0 = Debug|Any CPU
		{9E0B840F-DC1E-4AAF-B901-D00A2BA8134B}.AppStore|ARM.ActiveCfg = Debug|Any CPU
		{9E0B840F-DC1E-4AAF-B901-D00A2BA8134B}.AppStore|ARM.Build.0 = Debug|Any CPU
		{9E0B840F-DC1E-4AAF-B901-D00A2BA8134B}.AppStore|iPhone.ActiveCfg = Debug|Any CPU
		{9E0B840F-DC1E-4AAF-B901-D00A2BA8134B}.AppStore|iPhone.Build.0 = Debug|Any CPU
		{9E0B840F-DC1E-4AAF-B901-D00A2BA8134B}.AppStore|iPhoneSimulator.ActiveCfg = Debug|Any CPU
		{9E0B840F-DC1E-4AAF-B901-D00A2BA8134B}.AppStore|iPhoneSimulator.Build.0 = Debug|Any CPU
		{9E0B840F-DC1E-4AAF-B901-D00A2BA8134B}.AppStore|x64.ActiveCfg = Debug|Any CPU
		{9E0B840F-DC1E-4AAF-B901-D00A2BA8134B}.AppStore|x64.Build.0 = Debug|Any CPU
		{9E0B840F-DC1E-4AAF-B901-D00A2BA8134B}.AppStore|x86.ActiveCfg = Debug|Any CPU
		{9E0B840F-DC1E-4AAF-B901-D00A2BA8134B}.AppStore|x86.Build.0 = Debug|Any CPU
		{9E0B840F-DC1E-4AAF-B901-D00A2BA8134B}.Debug|Any CPU.ActiveCfg = Debug|Any CPU
		{9E0B840F-DC1E-4AAF-B901-D00A2BA8134B}.Debug|Any CPU.Build.0 = Debug|Any CPU
		{9E0B840F-DC1E-4AAF-B901-D00A2BA8134B}.Debug|ARM.ActiveCfg = Debug|Any CPU
		{9E0B840F-DC1E-4AAF-B901-D00A2BA8134B}.Debug|ARM.Build.0 = Debug|Any CPU
		{9E0B840F-DC1E-4AAF-B901-D00A2BA8134B}.Debug|iPhone.ActiveCfg = Debug|Any CPU
		{9E0B840F-DC1E-4AAF-B901-D00A2BA8134B}.Debug|iPhone.Build.0 = Debug|Any CPU
		{9E0B840F-DC1E-4AAF-B901-D00A2BA8134B}.Debug|iPhoneSimulator.ActiveCfg = Debug|Any CPU
		{9E0B840F-DC1E-4AAF-B901-D00A2BA8134B}.Debug|iPhoneSimulator.Build.0 = Debug|Any CPU
		{9E0B840F-DC1E-4AAF-B901-D00A2BA8134B}.Debug|x64.ActiveCfg = Debug|Any CPU
		{9E0B840F-DC1E-4AAF-B901-D00A2BA8134B}.Debug|x64.Build.0 = Debug|Any CPU
		{9E0B840F-DC1E-4AAF-B901-D00A2BA8134B}.Debug|x86.ActiveCfg = Debug|Any CPU
		{9E0B840F-DC1E-4AAF-B901-D00A2BA8134B}.Debug|x86.Build.0 = Debug|Any CPU
		{9E0B840F-DC1E-4AAF-B901-D00A2BA8134B}.Release|Any CPU.ActiveCfg = Release|Any CPU
		{9E0B840F-DC1E-4AAF-B901-D00A2BA8134B}.Release|Any CPU.Build.0 = Release|Any CPU
		{9E0B840F-DC1E-4AAF-B901-D00A2BA8134B}.Release|ARM.ActiveCfg = Release|Any CPU
		{9E0B840F-DC1E-4AAF-B901-D00A2BA8134B}.Release|ARM.Build.0 = Release|Any CPU
		{9E0B840F-DC1E-4AAF-B901-D00A2BA8134B}.Release|iPhone.ActiveCfg = Release|Any CPU
		{9E0B840F-DC1E-4AAF-B901-D00A2BA8134B}.Release|iPhone.Build.0 = Release|Any CPU
		{9E0B840F-DC1E-4AAF-B901-D00A2BA8134B}.Release|iPhoneSimulator.ActiveCfg = Release|Any CPU
		{9E0B840F-DC1E-4AAF-B901-D00A2BA8134B}.Release|iPhoneSimulator.Build.0 = Release|Any CPU
		{9E0B840F-DC1E-4AAF-B901-D00A2BA8134B}.Release|x64.ActiveCfg = Release|Any CPU
		{9E0B840F-DC1E-4AAF-B901-D00A2BA8134B}.Release|x64.Build.0 = Release|Any CPU
		{9E0B840F-DC1E-4AAF-B901-D00A2BA8134B}.Release|x86.ActiveCfg = Release|Any CPU
		{9E0B840F-DC1E-4AAF-B901-D00A2BA8134B}.Release|x86.Build.0 = Release|Any CPU
		{A7EE586C-10AE-47B8-BD21-82F4C74205C5}.Ad-Hoc|Any CPU.ActiveCfg = Release|Any CPU
		{A7EE586C-10AE-47B8-BD21-82F4C74205C5}.Ad-Hoc|Any CPU.Build.0 = Release|Any CPU
		{A7EE586C-10AE-47B8-BD21-82F4C74205C5}.Ad-Hoc|ARM.ActiveCfg = Release|Any CPU
		{A7EE586C-10AE-47B8-BD21-82F4C74205C5}.Ad-Hoc|ARM.Build.0 = Release|Any CPU
		{A7EE586C-10AE-47B8-BD21-82F4C74205C5}.Ad-Hoc|iPhone.ActiveCfg = Release|Any CPU
		{A7EE586C-10AE-47B8-BD21-82F4C74205C5}.Ad-Hoc|iPhone.Build.0 = Release|Any CPU
		{A7EE586C-10AE-47B8-BD21-82F4C74205C5}.Ad-Hoc|iPhoneSimulator.ActiveCfg = Release|Any CPU
		{A7EE586C-10AE-47B8-BD21-82F4C74205C5}.Ad-Hoc|iPhoneSimulator.Build.0 = Release|Any CPU
		{A7EE586C-10AE-47B8-BD21-82F4C74205C5}.Ad-Hoc|x64.ActiveCfg = Release|Any CPU
		{A7EE586C-10AE-47B8-BD21-82F4C74205C5}.Ad-Hoc|x64.Build.0 = Release|Any CPU
		{A7EE586C-10AE-47B8-BD21-82F4C74205C5}.Ad-Hoc|x86.ActiveCfg = Release|Any CPU
		{A7EE586C-10AE-47B8-BD21-82F4C74205C5}.Ad-Hoc|x86.Build.0 = Release|Any CPU
		{A7EE586C-10AE-47B8-BD21-82F4C74205C5}.AppStore|Any CPU.ActiveCfg = Release|Any CPU
		{A7EE586C-10AE-47B8-BD21-82F4C74205C5}.AppStore|Any CPU.Build.0 = Release|Any CPU
		{A7EE586C-10AE-47B8-BD21-82F4C74205C5}.AppStore|ARM.ActiveCfg = Release|Any CPU
		{A7EE586C-10AE-47B8-BD21-82F4C74205C5}.AppStore|ARM.Build.0 = Release|Any CPU
		{A7EE586C-10AE-47B8-BD21-82F4C74205C5}.AppStore|iPhone.ActiveCfg = Release|Any CPU
		{A7EE586C-10AE-47B8-BD21-82F4C74205C5}.AppStore|iPhone.Build.0 = Release|Any CPU
		{A7EE586C-10AE-47B8-BD21-82F4C74205C5}.AppStore|iPhoneSimulator.ActiveCfg = Release|Any CPU
		{A7EE586C-10AE-47B8-BD21-82F4C74205C5}.AppStore|iPhoneSimulator.Build.0 = Release|Any CPU
		{A7EE586C-10AE-47B8-BD21-82F4C74205C5}.AppStore|x64.ActiveCfg = Release|Any CPU
		{A7EE586C-10AE-47B8-BD21-82F4C74205C5}.AppStore|x64.Build.0 = Release|Any CPU
		{A7EE586C-10AE-47B8-BD21-82F4C74205C5}.AppStore|x86.ActiveCfg = Release|Any CPU
		{A7EE586C-10AE-47B8-BD21-82F4C74205C5}.AppStore|x86.Build.0 = Release|Any CPU
		{A7EE586C-10AE-47B8-BD21-82F4C74205C5}.Debug|Any CPU.ActiveCfg = Debug|Any CPU
		{A7EE586C-10AE-47B8-BD21-82F4C74205C5}.Debug|Any CPU.Build.0 = Debug|Any CPU
		{A7EE586C-10AE-47B8-BD21-82F4C74205C5}.Debug|ARM.ActiveCfg = Debug|Any CPU
		{A7EE586C-10AE-47B8-BD21-82F4C74205C5}.Debug|ARM.Build.0 = Debug|Any CPU
		{A7EE586C-10AE-47B8-BD21-82F4C74205C5}.Debug|iPhone.ActiveCfg = Debug|Any CPU
		{A7EE586C-10AE-47B8-BD21-82F4C74205C5}.Debug|iPhone.Build.0 = Debug|Any CPU
		{A7EE586C-10AE-47B8-BD21-82F4C74205C5}.Debug|iPhoneSimulator.ActiveCfg = Debug|Any CPU
		{A7EE586C-10AE-47B8-BD21-82F4C74205C5}.Debug|iPhoneSimulator.Build.0 = Debug|Any CPU
		{A7EE586C-10AE-47B8-BD21-82F4C74205C5}.Debug|x64.ActiveCfg = Debug|Any CPU
		{A7EE586C-10AE-47B8-BD21-82F4C74205C5}.Debug|x64.Build.0 = Debug|Any CPU
		{A7EE586C-10AE-47B8-BD21-82F4C74205C5}.Debug|x86.ActiveCfg = Debug|Any CPU
		{A7EE586C-10AE-47B8-BD21-82F4C74205C5}.Debug|x86.Build.0 = Debug|Any CPU
		{A7EE586C-10AE-47B8-BD21-82F4C74205C5}.Release|Any CPU.ActiveCfg = Release|Any CPU
		{A7EE586C-10AE-47B8-BD21-82F4C74205C5}.Release|Any CPU.Build.0 = Release|Any CPU
		{A7EE586C-10AE-47B8-BD21-82F4C74205C5}.Release|ARM.ActiveCfg = Release|Any CPU
		{A7EE586C-10AE-47B8-BD21-82F4C74205C5}.Release|ARM.Build.0 = Release|Any CPU
		{A7EE586C-10AE-47B8-BD21-82F4C74205C5}.Release|iPhone.ActiveCfg = Release|Any CPU
		{A7EE586C-10AE-47B8-BD21-82F4C74205C5}.Release|iPhone.Build.0 = Release|Any CPU
		{A7EE586C-10AE-47B8-BD21-82F4C74205C5}.Release|iPhoneSimulator.ActiveCfg = Release|Any CPU
		{A7EE586C-10AE-47B8-BD21-82F4C74205C5}.Release|iPhoneSimulator.Build.0 = Release|Any CPU
		{A7EE586C-10AE-47B8-BD21-82F4C74205C5}.Release|x64.ActiveCfg = Release|Any CPU
		{A7EE586C-10AE-47B8-BD21-82F4C74205C5}.Release|x64.Build.0 = Release|Any CPU
		{A7EE586C-10AE-47B8-BD21-82F4C74205C5}.Release|x86.ActiveCfg = Release|Any CPU
		{A7EE586C-10AE-47B8-BD21-82F4C74205C5}.Release|x86.Build.0 = Release|Any CPU
		{F78885E1-2264-403A-97BD-A87ED617677C}.Ad-Hoc|Any CPU.ActiveCfg = Release|Any CPU
		{F78885E1-2264-403A-97BD-A87ED617677C}.Ad-Hoc|Any CPU.Build.0 = Release|Any CPU
		{F78885E1-2264-403A-97BD-A87ED617677C}.Ad-Hoc|ARM.ActiveCfg = Release|Any CPU
		{F78885E1-2264-403A-97BD-A87ED617677C}.Ad-Hoc|ARM.Build.0 = Release|Any CPU
		{F78885E1-2264-403A-97BD-A87ED617677C}.Ad-Hoc|iPhone.ActiveCfg = Release|Any CPU
		{F78885E1-2264-403A-97BD-A87ED617677C}.Ad-Hoc|iPhone.Build.0 = Release|Any CPU
		{F78885E1-2264-403A-97BD-A87ED617677C}.Ad-Hoc|iPhoneSimulator.ActiveCfg = Release|Any CPU
		{F78885E1-2264-403A-97BD-A87ED617677C}.Ad-Hoc|iPhoneSimulator.Build.0 = Release|Any CPU
		{F78885E1-2264-403A-97BD-A87ED617677C}.Ad-Hoc|x64.ActiveCfg = Release|Any CPU
		{F78885E1-2264-403A-97BD-A87ED617677C}.Ad-Hoc|x64.Build.0 = Release|Any CPU
		{F78885E1-2264-403A-97BD-A87ED617677C}.Ad-Hoc|x86.ActiveCfg = Release|Any CPU
		{F78885E1-2264-403A-97BD-A87ED617677C}.Ad-Hoc|x86.Build.0 = Release|Any CPU
		{F78885E1-2264-403A-97BD-A87ED617677C}.AppStore|Any CPU.ActiveCfg = Release|Any CPU
		{F78885E1-2264-403A-97BD-A87ED617677C}.AppStore|Any CPU.Build.0 = Release|Any CPU
		{F78885E1-2264-403A-97BD-A87ED617677C}.AppStore|ARM.ActiveCfg = Release|Any CPU
		{F78885E1-2264-403A-97BD-A87ED617677C}.AppStore|ARM.Build.0 = Release|Any CPU
		{F78885E1-2264-403A-97BD-A87ED617677C}.AppStore|iPhone.ActiveCfg = Release|Any CPU
		{F78885E1-2264-403A-97BD-A87ED617677C}.AppStore|iPhone.Build.0 = Release|Any CPU
		{F78885E1-2264-403A-97BD-A87ED617677C}.AppStore|iPhoneSimulator.ActiveCfg = Release|Any CPU
		{F78885E1-2264-403A-97BD-A87ED617677C}.AppStore|iPhoneSimulator.Build.0 = Release|Any CPU
		{F78885E1-2264-403A-97BD-A87ED617677C}.AppStore|x64.ActiveCfg = Release|Any CPU
		{F78885E1-2264-403A-97BD-A87ED617677C}.AppStore|x64.Build.0 = Release|Any CPU
		{F78885E1-2264-403A-97BD-A87ED617677C}.AppStore|x86.ActiveCfg = Release|Any CPU
		{F78885E1-2264-403A-97BD-A87ED617677C}.AppStore|x86.Build.0 = Release|Any CPU
		{F78885E1-2264-403A-97BD-A87ED617677C}.Debug|Any CPU.ActiveCfg = Debug|Any CPU
		{F78885E1-2264-403A-97BD-A87ED617677C}.Debug|Any CPU.Build.0 = Debug|Any CPU
		{F78885E1-2264-403A-97BD-A87ED617677C}.Debug|ARM.ActiveCfg = Debug|Any CPU
		{F78885E1-2264-403A-97BD-A87ED617677C}.Debug|ARM.Build.0 = Debug|Any CPU
		{F78885E1-2264-403A-97BD-A87ED617677C}.Debug|iPhone.ActiveCfg = Debug|Any CPU
		{F78885E1-2264-403A-97BD-A87ED617677C}.Debug|iPhone.Build.0 = Debug|Any CPU
		{F78885E1-2264-403A-97BD-A87ED617677C}.Debug|iPhoneSimulator.ActiveCfg = Debug|Any CPU
		{F78885E1-2264-403A-97BD-A87ED617677C}.Debug|iPhoneSimulator.Build.0 = Debug|Any CPU
		{F78885E1-2264-403A-97BD-A87ED617677C}.Debug|x64.ActiveCfg = Debug|Any CPU
		{F78885E1-2264-403A-97BD-A87ED617677C}.Debug|x64.Build.0 = Debug|Any CPU
		{F78885E1-2264-403A-97BD-A87ED617677C}.Debug|x86.ActiveCfg = Debug|Any CPU
		{F78885E1-2264-403A-97BD-A87ED617677C}.Debug|x86.Build.0 = Debug|Any CPU
		{F78885E1-2264-403A-97BD-A87ED617677C}.Release|Any CPU.ActiveCfg = Release|Any CPU
		{F78885E1-2264-403A-97BD-A87ED617677C}.Release|Any CPU.Build.0 = Release|Any CPU
		{F78885E1-2264-403A-97BD-A87ED617677C}.Release|ARM.ActiveCfg = Release|Any CPU
		{F78885E1-2264-403A-97BD-A87ED617677C}.Release|ARM.Build.0 = Release|Any CPU
		{F78885E1-2264-403A-97BD-A87ED617677C}.Release|iPhone.ActiveCfg = Release|Any CPU
		{F78885E1-2264-403A-97BD-A87ED617677C}.Release|iPhone.Build.0 = Release|Any CPU
		{F78885E1-2264-403A-97BD-A87ED617677C}.Release|iPhoneSimulator.ActiveCfg = Release|Any CPU
		{F78885E1-2264-403A-97BD-A87ED617677C}.Release|iPhoneSimulator.Build.0 = Release|Any CPU
		{F78885E1-2264-403A-97BD-A87ED617677C}.Release|x64.ActiveCfg = Release|Any CPU
		{F78885E1-2264-403A-97BD-A87ED617677C}.Release|x64.Build.0 = Release|Any CPU
		{F78885E1-2264-403A-97BD-A87ED617677C}.Release|x86.ActiveCfg = Release|Any CPU
		{F78885E1-2264-403A-97BD-A87ED617677C}.Release|x86.Build.0 = Release|Any CPU
		{DE8E865E-0A2F-4B31-8F6E-4803006EC43A}.Ad-Hoc|Any CPU.ActiveCfg = Release|Any CPU
		{DE8E865E-0A2F-4B31-8F6E-4803006EC43A}.Ad-Hoc|Any CPU.Build.0 = Release|Any CPU
		{DE8E865E-0A2F-4B31-8F6E-4803006EC43A}.Ad-Hoc|ARM.ActiveCfg = Release|Any CPU
		{DE8E865E-0A2F-4B31-8F6E-4803006EC43A}.Ad-Hoc|ARM.Build.0 = Release|Any CPU
		{DE8E865E-0A2F-4B31-8F6E-4803006EC43A}.Ad-Hoc|iPhone.ActiveCfg = Release|Any CPU
		{DE8E865E-0A2F-4B31-8F6E-4803006EC43A}.Ad-Hoc|iPhone.Build.0 = Release|Any CPU
		{DE8E865E-0A2F-4B31-8F6E-4803006EC43A}.Ad-Hoc|iPhoneSimulator.ActiveCfg = Release|Any CPU
		{DE8E865E-0A2F-4B31-8F6E-4803006EC43A}.Ad-Hoc|iPhoneSimulator.Build.0 = Release|Any CPU
		{DE8E865E-0A2F-4B31-8F6E-4803006EC43A}.Ad-Hoc|x64.ActiveCfg = Release|Any CPU
		{DE8E865E-0A2F-4B31-8F6E-4803006EC43A}.Ad-Hoc|x64.Build.0 = Release|Any CPU
		{DE8E865E-0A2F-4B31-8F6E-4803006EC43A}.Ad-Hoc|x86.ActiveCfg = Release|Any CPU
		{DE8E865E-0A2F-4B31-8F6E-4803006EC43A}.Ad-Hoc|x86.Build.0 = Release|Any CPU
		{DE8E865E-0A2F-4B31-8F6E-4803006EC43A}.AppStore|Any CPU.ActiveCfg = Release|Any CPU
		{DE8E865E-0A2F-4B31-8F6E-4803006EC43A}.AppStore|Any CPU.Build.0 = Release|Any CPU
		{DE8E865E-0A2F-4B31-8F6E-4803006EC43A}.AppStore|ARM.ActiveCfg = Release|Any CPU
		{DE8E865E-0A2F-4B31-8F6E-4803006EC43A}.AppStore|ARM.Build.0 = Release|Any CPU
		{DE8E865E-0A2F-4B31-8F6E-4803006EC43A}.AppStore|iPhone.ActiveCfg = Release|Any CPU
		{DE8E865E-0A2F-4B31-8F6E-4803006EC43A}.AppStore|iPhone.Build.0 = Release|Any CPU
		{DE8E865E-0A2F-4B31-8F6E-4803006EC43A}.AppStore|iPhoneSimulator.ActiveCfg = Release|Any CPU
		{DE8E865E-0A2F-4B31-8F6E-4803006EC43A}.AppStore|iPhoneSimulator.Build.0 = Release|Any CPU
		{DE8E865E-0A2F-4B31-8F6E-4803006EC43A}.AppStore|x64.ActiveCfg = Release|Any CPU
		{DE8E865E-0A2F-4B31-8F6E-4803006EC43A}.AppStore|x64.Build.0 = Release|Any CPU
		{DE8E865E-0A2F-4B31-8F6E-4803006EC43A}.AppStore|x86.ActiveCfg = Release|Any CPU
		{DE8E865E-0A2F-4B31-8F6E-4803006EC43A}.AppStore|x86.Build.0 = Release|Any CPU
		{DE8E865E-0A2F-4B31-8F6E-4803006EC43A}.Debug|Any CPU.ActiveCfg = Debug|Any CPU
		{DE8E865E-0A2F-4B31-8F6E-4803006EC43A}.Debug|Any CPU.Build.0 = Debug|Any CPU
		{DE8E865E-0A2F-4B31-8F6E-4803006EC43A}.Debug|ARM.ActiveCfg = Debug|Any CPU
		{DE8E865E-0A2F-4B31-8F6E-4803006EC43A}.Debug|ARM.Build.0 = Debug|Any CPU
		{DE8E865E-0A2F-4B31-8F6E-4803006EC43A}.Debug|iPhone.ActiveCfg = Debug|Any CPU
		{DE8E865E-0A2F-4B31-8F6E-4803006EC43A}.Debug|iPhone.Build.0 = Debug|Any CPU
		{DE8E865E-0A2F-4B31-8F6E-4803006EC43A}.Debug|iPhoneSimulator.ActiveCfg = Debug|Any CPU
		{DE8E865E-0A2F-4B31-8F6E-4803006EC43A}.Debug|iPhoneSimulator.Build.0 = Debug|Any CPU
		{DE8E865E-0A2F-4B31-8F6E-4803006EC43A}.Debug|x64.ActiveCfg = Debug|Any CPU
		{DE8E865E-0A2F-4B31-8F6E-4803006EC43A}.Debug|x64.Build.0 = Debug|Any CPU
		{DE8E865E-0A2F-4B31-8F6E-4803006EC43A}.Debug|x86.ActiveCfg = Debug|Any CPU
		{DE8E865E-0A2F-4B31-8F6E-4803006EC43A}.Debug|x86.Build.0 = Debug|Any CPU
		{DE8E865E-0A2F-4B31-8F6E-4803006EC43A}.Release|Any CPU.ActiveCfg = Release|Any CPU
		{DE8E865E-0A2F-4B31-8F6E-4803006EC43A}.Release|Any CPU.Build.0 = Release|Any CPU
		{DE8E865E-0A2F-4B31-8F6E-4803006EC43A}.Release|ARM.ActiveCfg = Release|Any CPU
		{DE8E865E-0A2F-4B31-8F6E-4803006EC43A}.Release|ARM.Build.0 = Release|Any CPU
		{DE8E865E-0A2F-4B31-8F6E-4803006EC43A}.Release|iPhone.ActiveCfg = Release|Any CPU
		{DE8E865E-0A2F-4B31-8F6E-4803006EC43A}.Release|iPhone.Build.0 = Release|Any CPU
		{DE8E865E-0A2F-4B31-8F6E-4803006EC43A}.Release|iPhoneSimulator.ActiveCfg = Release|Any CPU
		{DE8E865E-0A2F-4B31-8F6E-4803006EC43A}.Release|iPhoneSimulator.Build.0 = Release|Any CPU
		{DE8E865E-0A2F-4B31-8F6E-4803006EC43A}.Release|x64.ActiveCfg = Release|Any CPU
		{DE8E865E-0A2F-4B31-8F6E-4803006EC43A}.Release|x64.Build.0 = Release|Any CPU
		{DE8E865E-0A2F-4B31-8F6E-4803006EC43A}.Release|x86.ActiveCfg = Release|Any CPU
		{DE8E865E-0A2F-4B31-8F6E-4803006EC43A}.Release|x86.Build.0 = Release|Any CPU
	EndGlobalSection
	GlobalSection(SolutionProperties) = preSolution
		HideSolutionNode = FALSE
	EndGlobalSection
	GlobalSection(ExtensibilityGlobals) = postSolution
		SolutionGuid = {B7AFC68F-535C-411A-A254-40C668DE9281}
	EndGlobalSection
EndGlobal
